
Microsoft Visual Studio Solution File, Format Version 12.00
# Visual Studio Version 17
VisualStudioVersion = 17.6.33829.357
MinimumVisualStudioVersion = 10.0.40219.1
Project("{FAE04EC0-301F-11D3-BF4B-00C04F79EFBC}") = "DockerExample", "DockerExample.csproj", "{C02A156F-8187-470D-9C6A-CDDF07A9F4BE}"
EndProject
Global
	GlobalSection(SolutionConfigurationPlatforms) = preSolution
		Debug|Any CPU = Debug|Any CPU
		Release|Any CPU = Release|Any CPU
	EndGlobalSection
	GlobalSection(ProjectConfigurationPlatforms) = postSolution
		{C02A156F-8187-470D-9C6A-CDDF07A9F4BE}.Debug|Any CPU.ActiveCfg = Debug|Any CPU
		{C02A156F-8187-470D-9C6A-CDDF07A9F4BE}.Debug|Any CPU.Build.0 = Debug|Any CPU
		{C02A156F-8187-470D-9C6A-CDDF07A9F4BE}.Release|Any CPU.ActiveCfg = Release|Any CPU
		{C02A156F-8187-470D-9C6A-CDDF07A9F4BE}.Release|Any CPU.Build.0 = Release|Any CPU
	EndGlobalSection
	GlobalSection(SolutionProperties) = preSolution
		HideSolutionNode = FALSE
	EndGlobalSection
	GlobalSection(ExtensibilityGlobals) = postSolution
		SolutionGuid = {DE6A24E8-7C6A-4131-97A1-4B5EE03F2894}
	EndGlobalSection
EndGlobal
